# This file is generated by running "yarn install" inside your project.
# Manual changes might be lost - proceed with caution!

__metadata:
  version: 8
  cacheKey: 10c0

"@babel/helper-string-parser@npm:^7.29.7":
  version: 7.29.7
  resolution: "@babel/helper-string-parser@npm:7.29.7"
  checksum: 10c0/194bc0f1716e396d5ffde56ad6119745fb9557662c98611590e5e454906783a4ccb21ce93056b8eb69a4909044834e45d96e50ac695bbe9e3221648fe033c06c
  languageName: node
  linkType: hard

"@babel/helper-validator-identifier@npm:^7.29.7":
  version: 7.29.7
  resolution: "@babel/helper-validator-identifier@npm:7.29.7"
  checksum: 10c0/4795354e7ae0dcafa72de1cd04ec51252dc1498517170beaf019e03effc5b7bf13c6b21a3949a77e07b8125be7f106ed1131350d8ebd4566ae874094a726d62b
  languageName: node
  linkType: hard

"@babel/parser@npm:^7.29.8":
  version: 7.29.9
  resolution: "@babel/parser@npm:7.29.9"
  dependencies:
    "@babel/types": "npm:^7.29.8"
  bin:
    parser: ./bin/babel-parser.js
  checksum: 10c0/171b16eb4527cdbbb72cb98710f91acb22356e2c40196ba3b7a1b84efa8c55d0b0992f399c8c675c3e17f67fd133676c5c4118e5f20db243f427c8b29b0c3f40
  languageName: node
  linkType: hard

"@babel/types@npm:^7.29.8":
  version: 7.29.8
  resolution: "@babel/types@npm:7.29.8"
  dependencies:
    "@babel/helper-string-parser": "npm:^7.29.7"
    "@babel/helper-validator-identifier": "npm:^7.29.7"
  checksum: 10c0/be7c279f0abf2a086c633e21b49c7ca80275d05283cc5a268b67a708c9914bd0c944f1422b3eb3cb37682a2af5d560abf520ccf9b01b53ecbfe6b71fbc3fdde6
  languageName: node
  linkType: hard

"@esbuild/aix-ppc64@npm:0.21.5":
  version: 0.21.5
  resolution: "@esbuild/aix-ppc64@npm:0.21.5"
  conditions: os=aix & cpu=ppc64
  languageName: node
  linkType: hard

"@esbuild/android-arm64@npm:0.21.5":
  version: 0.21.5
  resolution: "@esbuild/android-arm64@npm:0.21.5"
  conditions: os=android & cpu=arm64
  languageName: node
  linkType: hard

"@esbuild/android-arm@npm:0.21.5":
  version: 0.21.5
  resolution: "@esbuild/android-arm@npm:0.21.5"
  conditions: os=android & cpu=arm
  languageName: node
  linkType: hard

"@esbuild/android-x64@npm:0.21.5":
  version: 0.21.5
  resolution: "@esbuild/android-x64@npm:0.21.5"
  conditions: os=android & cpu=x64
  languageName: node
  linkType: hard

"@esbuild/darwin-arm64@npm:0.21.5":
  version: 0.21.5
  resolution: "@esbuild/darwin-arm64@npm:0.21.5"
  conditions: os=darwin & cpu=arm64
  languageName: node
  linkType: hard

"@esbuild/darwin-x64@npm:0.21.5":
  version: 0.21.5
  resolution: "@esbuild/darwin-x64@npm:0.21.5"
  conditions: os=darwin & cpu=x64
  languageName: node
  linkType: hard

"@esbuild/freebsd-arm64@npm:0.21.5":
  version: 0.21.5
  resolution: "@esbuild/freebsd-arm64@npm:0.21.5"
  conditions: os=freebsd & cpu=arm64
  languageName: node
  linkType: hard

"@esbuild/freebsd-x64@npm:0.21.5":
  version: 0.21.5
  resolution: "@esbuild/freebsd-x64@npm:0.21.5"
  conditions: os=freebsd & cpu=x64
  languageName: node
  linkType: hard

"@esbuild/linux-arm64@npm:0.21.5":
  version: 0.21.5
  resolution: "@esbuild/linux-arm64@npm:0.21.5"
  conditions: os=linux & cpu=arm64
  languageName: node
  linkType: hard

"@esbuild/linux-arm@npm:0.21.5":
  version: 0.21.5
  resolution: "@esbuild/linux-arm@npm:0.21.5"
  conditions: os=linux & cpu=arm
  languageName: node
  linkType: hard

"@esbuild/linux-ia32@npm:0.21.5":
  version: 0.21.5
  resolution: "@esbuild/linux-ia32@npm:0.21.5"
  conditions: os=linux & cpu=ia32
  languageName: node
  linkType: hard

"@esbuild/linux-loong64@npm:0.21.5":
  version: 0.21.5
  resolution: "@esbuild/linux-loong64@npm:0.21.5"
  conditions: os=linux & cpu=loong64
  languageName: node
  linkType: hard

"@esbuild/linux-mips64el@npm:0.21.5":
  version: 0.21.5
  resolution: "@esbuild/linux-mips64el@npm:0.21.5"
  conditions: os=linux & cpu=mips64el
  languageName: node
  linkType: hard

"@esbuild/linux-ppc64@npm:0.21.5":
  version: 0.21.5
  resolution: "@esbuild/linux-ppc64@npm:0.21.5"
  conditions: os=linux & cpu=ppc64
  languageName: node
  linkType: hard

"@esbuild/linux-riscv64@npm:0.21.5":
  version: 0.21.5
  resolution: "@esbuild/linux-riscv64@npm:0.21.5"
  conditions: os=linux & cpu=riscv64
  languageName: node
  linkType: hard

"@esbuild/linux-s390x@npm:0.21.5":
  version: 0.21.5
  resolution: "@esbuild/linux-s390x@npm:0.21.5"
  conditions: os=linux & cpu=s390x
  languageName: node
  linkType: hard

"@esbuild/linux-x64@npm:0.21.5":
  version: 0.21.5
  resolution: "@esbuild/linux-x64@npm:0.21.5"
  conditions: os=linux & cpu=x64
  languageName: node
  linkType: hard

"@esbuild/netbsd-x64@npm:0.21.5":
  version: 0.21.5
  resolution: "@esbuild/netbsd-x64@npm:0.21.5"
  conditions: os=netbsd & cpu=x64
  languageName: node
  linkType: hard

"@esbuild/openbsd-x64@npm:0.21.5":
  version: 0.21.5
  resolution: "@esbuild/openbsd-x64@npm:0.21.5"
  conditions: os=openbsd & cpu=x64
  languageName: node
  linkType: hard

"@esbuild/sunos-x64@npm:0.21.5":
  version: 0.21.5
  resolution: "@esbuild/sunos-x64@npm:0.21.5"
  conditions: os=sunos & cpu=x64
  languageName: node
  linkType: hard

"@esbuild/win32-arm64@npm:0.21.5":
  version: 0.21.5
  resolution: "@esbuild/win32-arm64@npm:0.21.5"
  conditions: os=win32 & cpu=arm64
  languageName: node
  linkType: hard

"@esbuild/win32-ia32@npm:0.21.5":
  version: 0.21.5
  resolution: "@esbuild/win32-ia32@npm:0.21.5"
  conditions: os=win32 & cpu=ia32
  languageName: node
  linkType: hard

"@esbuild/win32-x64@npm:0.21.5":
  version: 0.21.5
  resolution: "@esbuild/win32-x64@npm:0.21.5"
  conditions: os=win32 & cpu=x64
  languageName: node
  linkType: hard

"@isaacs/fs-minipass@npm:^4.0.0":
  version: 4.0.1
  resolution: "@isaacs/fs-minipass@npm:4.0.1"
  dependencies:
    minipass: "npm:^7.0.4"
  checksum: 10c0/c25b6dc1598790d5b55c0947a9b7d111cfa92594db5296c3b907e2f533c033666f692a3939eadac17b1c7c40d362d0b0635dc874cbfe3e70db7c2b07cc97a5d2
  languageName: node
  linkType: hard

"@jridgewell/sourcemap-codec@npm:^1.5.5":
  version: 1.6.0
  resolution: "@jridgewell/sourcemap-codec@npm:1.6.0"
  checksum: 10c0/b5be700e45a775f218589c3466c4ffea630582b4988657652da464e5ab8a7d18bf928ee4fd2363fb346ede4bea9c6ff0bae05a538358c4565ece6199531b5f72
  languageName: node
  linkType: hard

"@kurkle/color@npm:^0.3.0":
  version: 0.3.4
  resolution: "@kurkle/color@npm:0.3.4"
  checksum: 10c0/0e9fd55c614b005c5f0c4c755bca19ec0293bc7513b4ea3ec1725234f9c2fa81afbc78156baf555c8b9cb0d305619253c3f5bca016067daeebb3d00ebb4ea683
  languageName: node
  linkType: hard

"@napi-rs/lzma-linux-x64-gnu@npm:1.5.1":
  version: 1.5.1
  resolution: "@napi-rs/lzma-linux-x64-gnu@npm:1.5.1"
  conditions: os=linux & cpu=x64 & libc=glibc
  languageName: node
  linkType: hard

"@rollup/plugin-commonjs@npm:^28.0.2":
  version: 28.0.9
  resolution: "@rollup/plugin-commonjs@npm:28.0.9"
  dependencies:
    "@rollup/pluginutils": "npm:^5.0.1"
    commondir: "npm:^1.0.1"
    estree-walker: "npm:^2.0.2"
    fdir: "npm:^6.2.0"
    is-reference: "npm:1.2.1"
    magic-string: "npm:^0.30.3"
    picomatch: "npm:^4.0.2"
  peerDependencies:
    rollup: ^2.68.0||^3.0.0||^4.0.0
  peerDependenciesMeta:
    rollup:
      optional: true
  checksum: 10c0/b7af70614a53c549a1ba1e9647879b644bcf44ec78850f04018b929f4ee414274f867fa438308409a06ef8a3a179ed24c25e4f8ef77eb341dfddd2b0cb88c389
  languageName: node
  linkType: hard

"@rollup/pluginutils@npm:^5.0.1":
  version: 5.4.0
  resolution: "@rollup/pluginutils@npm:5.4.0"
  dependencies:
    "@types/estree": "npm:^1.0.0"
    estree-walker: "npm:^2.0.2"
    picomatch: "npm:^4.0.2"
  peerDependencies:
    rollup: ^1.20.0||^2.0.0||^3.0.0||^4.0.0
  peerDependenciesMeta:
    rollup:
      optional: true
  checksum: 10c0/ccc2cbd3a05df642df60ab05ffb81b2e564bd945e2a118bb8a474ea75b941033c8f44273133d4865643cca1492d0c80b14de1281f74779a64285a80fc3a194d8
  languageName: node
  linkType: hard

"@rollup/rollup-android-arm-eabi@npm:4.63.5":
  version: 4.63.5
  resolution: "@rollup/rollup-android-arm-eabi@npm:4.63.5"
  conditions: os=android & cpu=arm
  languageName: node
  linkType: hard

"@rollup/rollup-android-arm64@npm:4.63.5":
  version: 4.63.5
  resolution: "@rollup/rollup-android-arm64@npm:4.63.5"
  conditions: os=android & cpu=arm64
  languageName: node
  linkType: hard

"@rollup/rollup-darwin-arm64@npm:4.63.5":
  version: 4.63.5
  resolution: "@rollup/rollup-darwin-arm64@npm:4.63.5"
  conditions: os=darwin & cpu=arm64
  languageName: node
  linkType: hard

"@rollup/rollup-darwin-x64@npm:4.63.5":
  version: 4.63.5
  resolution: "@rollup/rollup-darwin-x64@npm:4.63.5"
  conditions: os=darwin & cpu=x64
  languageName: node
  linkType: hard

"@rollup/rollup-freebsd-arm64@npm:4.63.5":
  version: 4.63.5
  resolution: "@rollup/rollup-freebsd-arm64@npm:4.63.5"
  conditions: os=freebsd & cpu=arm64
  languageName: node
  linkType: hard

"@rollup/rollup-freebsd-x64@npm:4.63.5":
  version: 4.63.5
  resolution: "@rollup/rollup-freebsd-x64@npm:4.63.5"
  conditions: os=freebsd & cpu=x64
  languageName: node
  linkType: hard

"@rollup/rollup-linux-arm-gnueabihf@npm:4.63.5":
  version: 4.63.5
  resolution: "@rollup/rollup-linux-arm-gnueabihf@npm:4.63.5"
  conditions: os=linux & cpu=arm & libc=glibc
  languageName: node
  linkType: hard

"@rollup/rollup-linux-arm-musleabihf@npm:4.63.5":
  version: 4.63.5
  resolution: "@rollup/rollup-linux-arm-musleabihf@npm:4.63.5"
  conditions: os=linux & cpu=arm & libc=musl
  languageName: node
  linkType: hard

"@rollup/rollup-linux-arm64-gnu@npm:4.63.5":
  version: 4.63.5
  resolution: "@rollup/rollup-linux-arm64-gnu@npm:4.63.5"
  conditions: os=linux & cpu=arm64 & libc=glibc
  languageName: node
  linkType: hard

"@rollup/rollup-linux-arm64-musl@npm:4.63.5":
  version: 4.63.5
  resolution: "@rollup/rollup-linux-arm64-musl@npm:4.63.5"
  conditions: os=linux & cpu=arm64 & libc=musl
  languageName: node
  linkType: hard

"@rollup/rollup-linux-loong64-gnu@npm:4.63.5":
  version: 4.63.5
  resolution: "@rollup/rollup-linux-loong64-gnu@npm:4.63.5"
  conditions: os=linux & cpu=loong64 & libc=glibc
  languageName: node
  linkType: hard

"@rollup/rollup-linux-loong64-musl@npm:4.63.5":
  version: 4.63.5
  resolution: "@rollup/rollup-linux-loong64-musl@npm:4.63.5"
  conditions: os=linux & cpu=loong64 & libc=musl
  languageName: node
  linkType: hard

"@rollup/rollup-linux-ppc64-gnu@npm:4.63.5":
  version: 4.63.5
  resolution: "@rollup/rollup-linux-ppc64-gnu@npm:4.63.5"
  conditions: os=linux & cpu=ppc64 & libc=glibc
  languageName: node
  linkType: hard

"@rollup/rollup-linux-ppc64-musl@npm:4.63.5":
  version: 4.63.5
  resolution: "@rollup/rollup-linux-ppc64-musl@npm:4.63.5"
  conditions: os=linux & cpu=ppc64 & libc=musl
  languageName: node
  linkType: hard

"@rollup/rollup-linux-riscv64-gnu@npm:4.63.5":
  version: 4.63.5
  resolution: "@rollup/rollup-linux-riscv64-gnu@npm:4.63.5"
  conditions: os=linux & cpu=riscv64 & libc=glibc
  languageName: node
  linkType: hard

"@rollup/rollup-linux-riscv64-musl@npm:4.63.5":
  version: 4.63.5
  resolution: "@rollup/rollup-linux-riscv64-musl@npm:4.63.5"
  conditions: os=linux & cpu=riscv64 & libc=musl
  languageName: node
  linkType: hard

"@rollup/rollup-linux-s390x-gnu@npm:4.63.5":
  version: 4.63.5
  resolution: "@rollup/rollup-linux-s390x-gnu@npm:4.63.5"
  conditions: os=linux & cpu=s390x & libc=glibc
  languageName: node
  linkType: hard

"@rollup/rollup-linux-x64-gnu@npm:4.63.5":
  version: 4.63.5
  resolution: "@rollup/rollup-linux-x64-gnu@npm:4.63.5"
  conditions: os=linux & cpu=x64 & libc=glibc
  languageName: node
  linkType: hard

"@rollup/rollup-linux-x64-musl@npm:4.63.5":
  version: 4.63.5
  resolution: "@rollup/rollup-linux-x64-musl@npm:4.63.5"
  conditions: os=linux & cpu=x64 & libc=musl
  languageName: node
  linkType: hard

"@rollup/rollup-openbsd-x64@npm:4.63.5":
  version: 4.63.5
  resolution: "@rollup/rollup-openbsd-x64@npm:4.63.5"
  conditions: os=openbsd & cpu=x64
  languageName: node
  linkType: hard

"@rollup/rollup-openharmony-arm64@npm:4.63.5":
  version: 4.63.5
  resolution: "@rollup/rollup-openharmony-arm64@npm:4.63.5"
  conditions: os=openharmony & cpu=arm64
  languageName: node
  linkType: hard

"@rollup/rollup-win32-arm64-msvc@npm:4.63.5":
  version: 4.63.5
  resolution: "@rollup/rollup-win32-arm64-msvc@npm:4.63.5"
  conditions: os=win32 & cpu=arm64
  languageName: node
  linkType: hard

"@rollup/rollup-win32-ia32-msvc@npm:4.63.5":
  version: 4.63.5
  resolution: "@rollup/rollup-win32-ia32-msvc@npm:4.63.5"
  conditions: os=win32 & cpu=ia32
  languageName: node
  linkType: hard

"@rollup/rollup-win32-x64-gnu@npm:4.63.5":
  version: 4.63.5
  resolution: "@rollup/rollup-win32-x64-gnu@npm:4.63.5"
  conditions: os=win32 & cpu=x64
  languageName: node
  linkType: hard

"@rollup/rollup-win32-x64-msvc@npm:4.63.5":
  version: 4.63.5
  resolution: "@rollup/rollup-win32-x64-msvc@npm:4.63.5"
  conditions: os=win32 & cpu=x64
  languageName: node
  linkType: hard

"@types/estree@npm:*, @types/estree@npm:1.0.9, @types/estree@npm:^1.0.0":
  version: 1.0.9
  resolution: "@types/estree@npm:1.0.9"
  checksum: 10c0/3ad3286ca2988cd550dafb8f2ad599c8474868e954fa601a36655bdfefd8039f7c714b8c1c7f2ae219ffbd58bd4660e66fa7479a0120fc02d4777057d4865387
  languageName: node
  linkType: hard

"@vitejs/plugin-vue@npm:^4.5.0":
  version: 4.6.2
  resolution: "@vitejs/plugin-vue@npm:4.6.2"
  peerDependencies:
    vite: ^4.0.0 || ^5.0.0
    vue: ^3.2.25
  checksum: 10c0/8a8eb974936e4f0c7a66924240d122cd3a61af34498d7260f5920cf7a44ef4ef60e025a3f5d29df88e671ba32d5999c0fe1bc11d46bd838f51aa3a37a8f272c5
  languageName: node
  linkType: hard

"@vue/compiler-core@npm:3.5.43":
  version: 3.5.43
  resolution: "@vue/compiler-core@npm:3.5.43"
  dependencies:
    "@babel/parser": "npm:^7.29.8"
    "@vue/shared": "npm:3.5.43"
    entities: "npm:^7.0.1"
    estree-walker: "npm:^2.0.2"
    source-map-js: "npm:^1.2.1"
  checksum: 10c0/a6aa1a3e852a759322afa62ba22dae4f56fdcb275e1bc78c9588d65b9b53d24fd093965eb985b92c1ecd50a7b6dd9b7beddd8b3aebf207509b0ffc8844417137
  languageName: node
  linkType: hard

"@vue/compiler-dom@npm:3.5.43":
  version: 3.5.43
  resolution: "@vue/compiler-dom@npm:3.5.43"
  dependencies:
    "@vue/compiler-core": "npm:3.5.43"
    "@vue/shared": "npm:3.5.43"
  checksum: 10c0/7176866486b51b18315b298bba613ddee38da1dbae7491b8bd87843951e26f347fab2027892d431655147253c011f5f3c152d7f7acca968c6eb51b7b446adabc
  languageName: node
  linkType: hard

"@vue/compiler-sfc@npm:3.5.43":
  version: 3.5.43
  resolution: "@vue/compiler-sfc@npm:3.5.43"
  dependencies:
    "@babel/parser": "npm:^7.29.8"
    "@vue/compiler-core": "npm:3.5.43"
    "@vue/compiler-dom": "npm:3.5.43"
    "@vue/compiler-ssr": "npm:3.5.43"
    "@vue/shared": "npm:3.5.43"
    estree-walker: "npm:^2.0.2"
    magic-string: "npm:^0.30.21"
    postcss: "npm:^8.5.28"
    source-map-js: "npm:^1.2.1"
  checksum: 10c0/fe07bd2d0519f1350b55514480fd5f0a2d2f963a1fff0ef8cea56c79dc2ae9def2584815ab1e5c2e70d9cb8450147dadc90533e5106d21283d867d62461969e2
  languageName: node
  linkType: hard

"@vue/compiler-ssr@npm:3.5.43":
  version: 3.5.43
  resolution: "@vue/compiler-ssr@npm:3.5.43"
  dependencies:
    "@vue/compiler-dom": "npm:3.5.43"
    "@vue/shared": "npm:3.5.43"
  checksum: 10c0/d1a47d99b5fcc13838a5049361f585798e9f50f2fbae709c5153463db3660c0c301efe7c849f4f1beb6e3e0dc18648d85ae1ea7c9d5654860c38296d56ab831e
  languageName: node
  linkType: hard

"@vue/reactivity@npm:3.5.43":
  version: 3.5.43
  resolution: "@vue/reactivity@npm:3.5.43"
  dependencies:
    "@vue/shared": "npm:3.5.43"
  checksum: 10c0/30818da249137848a5a01c2eefbaaaba83abc2cb7c65d2521aa4ef6f1b1a677573dc063db95c5242829c7c1b287438cdeb343bd73cd7dce180de4d3234b988f0
  languageName: node
  linkType: hard

"@vue/runtime-core@npm:3.5.43":
  version: 3.5.43
  resolution: "@vue/runtime-core@npm:3.5.43"
  dependencies:
    "@vue/reactivity": "npm:3.5.43"
    "@vue/shared": "npm:3.5.43"
  checksum: 10c0/f023832140f650994bc1cb9b3145ca2635e2661e6bccac40162f77103e3e9b6ae1f67e18fb9a32ac261888491c3429ef22e853775cac6a7ce0ef24f1fba90805
  languageName: node
  linkType: hard

"@vue/runtime-dom@npm:3.5.43":
  version: 3.5.43
  resolution: "@vue/runtime-dom@npm:3.5.43"
  dependencies:
    "@vue/reactivity": "npm:3.5.43"
    "@vue/runtime-core": "npm:3.5.43"
    "@vue/shared": "npm:3.5.43"
    csstype: "npm:^3.2.3"
  checksum: 10c0/7c4844d19570e379e5a7b07f1b694f5f36d069d38293272b0e2011984bcde9f87844b3ac1325e67ed608bf278709a1b13a4c470c52746e83c0de60fd14427335
  languageName: node
  linkType: hard

"@vue/server-renderer@npm:3.5.43":
  version: 3.5.43
  resolution: "@vue/server-renderer@npm:3.5.43"
  dependencies:
    "@vue/compiler-ssr": "npm:3.5.43"
    "@vue/runtime-dom": "npm:3.5.43"
    "@vue/shared": "npm:3.5.43"
  checksum: 10c0/bc3fa8227db943987dae28c271c8ef7c09e42e0777480bca49d89446b51aa4d76c6c71b8169a48ccb2d7ade51e4add3bdee50106c7df73b17a65558a6d7d7f7d
  languageName: node
  linkType: hard

"@vue/shared@npm:3.5.43":
  version: 3.5.43
  resolution: "@vue/shared@npm:3.5.43"
  checksum: 10c0/2925261c79d49957523060a8e6c92e29a588301d22ee3f978d09d1aba881256a703285ae0108f7b50d76dd10b054ca31a0c1f1ed8696afbef7bf58e862782b4b
  languageName: node
  linkType: hard

"abbrev@npm:^5.0.0":
  version: 5.0.0
  resolution: "abbrev@npm:5.0.0"
  checksum: 10c0/8e88f5c798ea4562d28c5a3e9ad69e3879890bc5d695d8f2dffb8609be4c890aacc8f80ef4553fdd2c6a62d70c2ce8bc57b38074e383beb7487bdafa9ed42ea5
  languageName: node
  linkType: hard

"blacklight-range-limit@npm:^9.0.0":
  version: 9.3.0
  resolution: "blacklight-range-limit@npm:9.3.0"
  dependencies:
    chart.js: "npm:^ 4.4.1"
  checksum: 10c0/c4d6c8ba710448d6b7c00f0193b471bb9dff54e491c6d594e62e1295b2e04bde211916e333d266b688d27744034596bf01e3bdfe7bcc7c7cd3893e0a4604b5fd
  languageName: node
  linkType: hard

"bootstrap-icons@npm:1.13.1":
  version: 1.13.1
  resolution: "bootstrap-icons@npm:1.13.1"
  checksum: 10c0/2c1adeb1796502e67b476ce049c86bc3a7ff7984c61777e056820389a8db5ec6535c12a33f76f3ed52674bca4c01472065a7fbcde6cc384ebb86c2eae51390bd
  languageName: node
  linkType: hard

"chart.js@npm:^ 4.4.1":
  version: 4.5.1
  resolution: "chart.js@npm:4.5.1"
  dependencies:
    "@kurkle/color": "npm:^0.3.0"
  checksum: 10c0/3f2a11dcaae9079e8e6b8ad077e2ae311f04996f9da14815730891e66215ee8b5f2c0eb70b5a156e5bde0f89a41bae13506dc6153e50fd22dcb282b21eec706f
  languageName: node
  linkType: hard

"chownr@npm:^3.0.0":
  version: 3.0.0
  resolution: "chownr@npm:3.0.0"
  checksum: 10c0/43925b87700f7e3893296c8e9c56cc58f926411cce3a6e5898136daaf08f08b9a8eb76d37d3267e707d0dcc17aed2e2ebdf5848c0c3ce95cf910a919935c1b10
  languageName: node
  linkType: hard

"commondir@npm:^1.0.1":
  version: 1.0.1
  resolution: "commondir@npm:1.0.1"
  checksum: 10c0/33a124960e471c25ee19280c9ce31ccc19574b566dc514fe4f4ca4c34fa8b0b57cf437671f5de380e11353ea9426213fca17687dd2ef03134fea2dbc53809fd6
  languageName: node
  linkType: hard

"crkn_canadiana_blacklight@workspace:.":
  version: 0.0.0-use.local
  resolution: "crkn_canadiana_blacklight@workspace:."
  dependencies:
    "@rollup/plugin-commonjs": "npm:^28.0.2"
    "@vitejs/plugin-vue": "npm:^4.5.0"
    blacklight-range-limit: "npm:^9.0.0"
    bootstrap-icons: "npm:1.13.1"
    lenis: "npm:^1.3.21"
    rollup: "npm:^4.34.6"
    vite: "npm:^5.4.21"
    vite-plugin-ruby: "npm:^5.1.1"
    vue: "npm:^3.5.13"
  languageName: unknown
  linkType: soft

"csstype@npm:^3.2.3":
  version: 3.2.3
  resolution: "csstype@npm:3.2.3"
  checksum: 10c0/cd29c51e70fa822f1cecd8641a1445bed7063697469d35633b516e60fe8c1bde04b08f6c5b6022136bb669b64c63d4173af54864510fbb4ee23281801841a3ce
  languageName: node
  linkType: hard

"entities@npm:^7.0.1":
  version: 7.0.1
  resolution: "entities@npm:7.0.1"
  checksum: 10c0/b4fb9937bb47ecb00aaaceb9db9cdd1cc0b0fb649c0e843d05cf5dbbd2e9d2df8f98721d8b1b286445689c72af7b54a7242fc2d63ef7c9739037a8c73363e7ca
  languageName: node
  linkType: hard

"env-paths@npm:^2.2.0":
  version: 2.2.1
  resolution: "env-paths@npm:2.2.1"
  checksum: 10c0/285325677bf00e30845e330eec32894f5105529db97496ee3f598478e50f008c5352a41a30e5e72ec9de8a542b5a570b85699cd63bd2bc646dbcb9f311d83bc4
  languageName: node
  linkType: hard

"esbuild@npm:^0.21.3":
  version: 0.21.5
  resolution: "esbuild@npm:0.21.5"
  dependencies:
    "@esbuild/aix-ppc64": "npm:0.21.5"
    "@esbuild/android-arm": "npm:0.21.5"
    "@esbuild/android-arm64": "npm:0.21.5"
    "@esbuild/android-x64": "npm:0.21.5"
    "@esbuild/darwin-arm64": "npm:0.21.5"
    "@esbuild/darwin-x64": "npm:0.21.5"
    "@esbuild/freebsd-arm64": "npm:0.21.5"
    "@esbuild/freebsd-x64": "npm:0.21.5"
    "@esbuild/linux-arm": "npm:0.21.5"
    "@esbuild/linux-arm64": "npm:0.21.5"
    "@esbuild/linux-ia32": "npm:0.21.5"
    "@esbuild/linux-loong64": "npm:0.21.5"
    "@esbuild/linux-mips64el": "npm:0.21.5"
    "@esbuild/linux-ppc64": "npm:0.21.5"
    "@esbuild/linux-riscv64": "npm:0.21.5"
    "@esbuild/linux-s390x": "npm:0.21.5"
    "@esbuild/linux-x64": "npm:0.21.5"
    "@esbuild/netbsd-x64": "npm:0.21.5"
    "@esbuild/openbsd-x64": "npm:0.21.5"
    "@esbuild/sunos-x64": "npm:0.21.5"
    "@esbuild/win32-arm64": "npm:0.21.5"
    "@esbuild/win32-ia32": "npm:0.21.5"
    "@esbuild/win32-x64": "npm:0.21.5"
  dependenciesMeta:
    "@esbuild/aix-ppc64":
      optional: true
    "@esbuild/android-arm":
      optional: true
    "@esbuild/android-arm64":
      optional: true
    "@esbuild/android-x64":
      optional: true
    "@esbuild/darwin-arm64":
      optional: true
    "@esbuild/darwin-x64":
      optional: true
    "@esbuild/freebsd-arm64":
      optional: true
    "@esbuild/freebsd-x64":
      optional: true
    "@esbuild/linux-arm":
      optional: true
    "@esbuild/linux-arm64":
      optional: true
    "@esbuild/linux-ia32":
      optional: true
    "@esbuild/linux-loong64":
      optional: true
    "@esbuild/linux-mips64el":
      optional: true
    "@esbuild/linux-ppc64":
      optional: true
    "@esbuild/linux-riscv64":
      optional: true
    "@esbuild/linux-s390x":
      optional: true
    "@esbuild/linux-x64":
      optional: true
    "@esbuild/netbsd-x64":
      optional: true
    "@esbuild/openbsd-x64":
      optional: true
    "@esbuild/sunos-x64":
      optional: true
    "@esbuild/win32-arm64":
      optional: true
    "@esbuild/win32-ia32":
      optional: true
    "@esbuild/win32-x64":
      optional: true
  bin:
    esbuild: bin/esbuild
  checksum: 10c0/fa08508adf683c3f399e8a014a6382a6b65542213431e26206c0720e536b31c09b50798747c2a105a4bbba1d9767b8d3615a74c2f7bf1ddf6d836cd11eb672de
  languageName: node
  linkType: hard

"estree-walker@npm:^2.0.2":
  version: 2.0.2
  resolution: "estree-walker@npm:2.0.2"
  checksum: 10c0/53a6c54e2019b8c914dc395890153ffdc2322781acf4bd7d1a32d7aedc1710807bdcd866ac133903d5629ec601fbb50abe8c2e5553c7f5a0afdd9b6af6c945af
  languageName: node
  linkType: hard

"exponential-backoff@npm:^3.1.1":
  version: 3.1.3
  resolution: "exponential-backoff@npm:3.1.3"
  checksum: 10c0/77e3ae682b7b1f4972f563c6dbcd2b0d54ac679e62d5d32f3e5085feba20483cf28bd505543f520e287a56d4d55a28d7874299941faf637e779a1aa5994d1267
  languageName: node
  linkType: hard

"fdir@npm:^6.2.0, fdir@npm:^6.5.0":
  version: 6.5.0
  resolution: "fdir@npm:6.5.0"
  peerDependencies:
    picomatch: ^3 || ^4
  peerDependenciesMeta:
    picomatch:
      optional: true
  checksum: 10c0/e345083c4306b3aed6cb8ec551e26c36bab5c511e99ea4576a16750ddc8d3240e63826cc624f5ae17ad4dc82e68a253213b60d556c11bfad064b7607847ed07f
  languageName: node
  linkType: hard

"fsevents@npm:~2.3.2, fsevents@npm:~2.3.3":
  version: 2.3.3
  resolution: "fsevents@npm:2.3.3"
  dependencies:
    node-gyp: "npm:latest"
  checksum: 10c0/a1f0c44595123ed717febbc478aa952e47adfc28e2092be66b8ab1635147254ca6cfe1df792a8997f22716d4cbafc73309899ff7bfac2ac3ad8cf2e4ecc3ec60
  conditions: os=darwin
  languageName: node
  linkType: hard

"fsevents@patch:fsevents@npm%3A~2.3.2#optional!builtin<compat/fsevents>, fsevents@patch:fsevents@npm%3A~2.3.3#optional!builtin<compat/fsevents>":
  version: 2.3.3
  resolution: "fsevents@patch:fsevents@npm%3A2.3.3#optional!builtin<compat/fsevents>::version=2.3.3&hash=df0bf1"
  dependencies:
    node-gyp: "npm:latest"
  conditions: os=darwin
  languageName: node
  linkType: hard

"graceful-fs@npm:^4.2.6":
  version: 4.2.11
  resolution: "graceful-fs@npm:4.2.11"
  checksum: 10c0/386d011a553e02bc594ac2ca0bd6d9e4c22d7fa8cfbfc448a6d148c59ea881b092db9dbe3547ae4b88e55f1b01f7c4a2ecc53b310c042793e63aa44cf6c257f2
  languageName: node
  linkType: hard

"is-reference@npm:1.2.1":
  version: 1.2.1
  resolution: "is-reference@npm:1.2.1"
  dependencies:
    "@types/estree": "npm:*"
  checksum: 10c0/7dc819fc8de7790264a0a5d531164f9f5b9ef5aa1cd05f35322d14db39c8a2ec78fd5d4bf57f9789f3ddd2b3abeea7728432b759636157a42db12a9e8c3b549b
  languageName: node
  linkType: hard

"isexe@npm:^4.0.0":
  version: 4.0.0
  resolution: "isexe@npm:4.0.0"
  checksum: 10c0/5884815115bceac452877659a9c7726382531592f43dc29e5d48b7c4100661aed54018cb90bd36cb2eaeba521092570769167acbb95c18d39afdccbcca06c5ce
  languageName: node
  linkType: hard

"lenis@npm:^1.3.21":
  version: 1.3.26
  resolution: "lenis@npm:1.3.26"
  peerDependencies:
    "@nuxt/kit": ">=3.0.0"
    react: ">=17.0.0"
    vue: ">=3.0.0"
  peerDependenciesMeta:
    "@nuxt/kit":
      optional: true
    react:
      optional: true
    vue:
      optional: true
  checksum: 10c0/0d523ecd7bbbaac64b86de8e7c6641e4a2299065743def53eade177f42c280d1447d36b0fd7a525b7d69b0a889c1af91e85e48bfeec3851975c4858c0823204e
  languageName: node
  linkType: hard

"magic-string@npm:^0.30.21, magic-string@npm:^0.30.3":
  version: 0.30.21
  resolution: "magic-string@npm:0.30.21"
  dependencies:
    "@jridgewell/sourcemap-codec": "npm:^1.5.5"
  checksum: 10c0/299378e38f9a270069fc62358522ddfb44e94244baa0d6a8980ab2a9b2490a1d03b236b447eee309e17eb3bddfa482c61259d47960eb018a904f0ded52780c4a
  languageName: node
  linkType: hard

"minipass@npm:^7.0.4, minipass@npm:^7.1.2":
  version: 7.1.3
  resolution: "minipass@npm:7.1.3"
  checksum: 10c0/539da88daca16533211ea5a9ee98dc62ff5742f531f54640dd34429e621955e91cc280a91a776026264b7f9f6735947629f920944e9c1558369e8bf22eb33fbb
  languageName: node
  linkType: hard

"minizlib@npm:^3.1.0":
  version: 3.1.0
  resolution: "minizlib@npm:3.1.0"
  dependencies:
    minipass: "npm:^7.1.2"
  checksum: 10c0/5aad75ab0090b8266069c9aabe582c021ae53eb33c6c691054a13a45db3b4f91a7fb1bd79151e6b4e9e9a86727b522527c0a06ec7d45206b745d54cd3097bcec
  languageName: node
  linkType: hard

"nanoid@npm:^3.3.18":
  version: 3.3.19
  resolution: "nanoid@npm:3.3.19"
  bin:
    nanoid: bin/nanoid.cjs
  checksum: 10c0/ce7afa6258bfaa00bdc8de291cfe9913280eaa403b7d9cff3db4e4200c1913e7163577df74897958da144db473a96c67f74f57db0f542fbfe409df677bae3255
  languageName: node
  linkType: hard

"node-gyp@npm:latest":
  version: 13.0.2
  resolution: "node-gyp@npm:13.0.2"
  dependencies:
    env-paths: "npm:^2.2.0"
    exponential-backoff: "npm:^3.1.1"
    graceful-fs: "npm:^4.2.6"
    nopt: "npm:^10.0.0"
    proc-log: "npm:^7.0.0"
    semver: "npm:^7.3.5"
    tar: "npm:^7.5.4"
    tinyglobby: "npm:^0.2.12"
    undici: "npm:^8.4.1"
    which: "npm:^7.0.0"
  bin:
    node-gyp: bin/node-gyp.js
  checksum: 10c0/29d33ccf47ffeeb5e7af925550b416f698a26a72eb10975c7eb5775c1d0cecacd76d164a4aa45503d3ddcece209db65c712be00423c69381a4cd14e2e6540559
  languageName: node
  linkType: hard

"nopt@npm:^10.0.0":
  version: 10.0.1
  resolution: "nopt@npm:10.0.1"
  dependencies:
    abbrev: "npm:^5.0.0"
  bin:
    nopt: bin/nopt.js
  checksum: 10c0/980d89257f9587f3e1f77877ddbf905d6aa3b738ec33e49a4fa1a059a0dd82eb28063982b150654a7ae9de386f2ead60e56172db7d37cf56de545f7392a2a26a
  languageName: node
  linkType: hard

"obug@npm:^2.0":
  version: 2.2.1
  resolution: "obug@npm:2.2.1"
  checksum: 10c0/8a7c001847d880fa6ba83c7bbee6a80fd271ee628439cd508c8647d53b217abb1759e2d5e4aaeb09a35d0a274bdb225a0a5a78eded3213d63e656153cf411b63
  languageName: node
  linkType: hard

"picocolors@npm:^1.1.1":
  version: 1.1.1
  resolution: "picocolors@npm:1.1.1"
  checksum: 10c0/e2e3e8170ab9d7c7421969adaa7e1b31434f789afb9b3f115f6b96d91945041ac3ceb02e9ec6fe6510ff036bcc0bf91e69a1772edc0b707e12b19c0f2d6bcf58
  languageName: node
  linkType: hard

"picomatch@npm:^4.0.2, picomatch@npm:^4.0.4":
  version: 4.0.7
  resolution: "picomatch@npm:4.0.7"
  checksum: 10c0/beb6ae02c43ae44e84883b90830196d9046b1726ead292adcf7f57945e0bb0d992d68563d87e03b484b6f3c9a5c6defda7523477f047d7f0e663f126cc01787f
  languageName: node
  linkType: hard

"postcss@npm:^8.4.43, postcss@npm:^8.5.28":
  version: 8.5.28
  resolution: "postcss@npm:8.5.28"
  dependencies:
    nanoid: "npm:^3.3.18"
    picocolors: "npm:^1.1.1"
    source-map-js: "npm:^1.2.1"
  checksum: 10c0/9fe44215a6628d89c8a75184b92f5b2f77e16f9e5b13b39b9009bb7e8e6eccddf82c8854bae922db1f17ace6ef3445073fe38abff513caeb03e5285b1b55620a
  languageName: node
  linkType: hard

"proc-log@npm:^7.0.0":
  version: 7.0.0
  resolution: "proc-log@npm:7.0.0"
  checksum: 10c0/b89c2d862604f35fec795477b0c7e376feab3ba0d4f4d291c4e959567442697cf451ac557d0623c1cc38af45a78128b983410f397a10c5d3a67f76c33de4754b
  languageName: node
  linkType: hard

"rollup@npm:^4.20.0, rollup@npm:^4.34.6":
  version: 4.63.5
  resolution: "rollup@npm:4.63.5"
  dependencies:
    "@napi-rs/lzma-linux-x64-gnu": "npm:1.5.1"
    "@rollup/rollup-android-arm-eabi": "npm:4.63.5"
    "@rollup/rollup-android-arm64": "npm:4.63.5"
    "@rollup/rollup-darwin-arm64": "npm:4.63.5"
    "@rollup/rollup-darwin-x64": "npm:4.63.5"
    "@rollup/rollup-freebsd-arm64": "npm:4.63.5"
    "@rollup/rollup-freebsd-x64": "npm:4.63.5"
    "@rollup/rollup-linux-arm-gnueabihf": "npm:4.63.5"
    "@rollup/rollup-linux-arm-musleabihf": "npm:4.63.5"
    "@rollup/rollup-linux-arm64-gnu": "npm:4.63.5"
    "@rollup/rollup-linux-arm64-musl": "npm:4.63.5"
    "@rollup/rollup-linux-loong64-gnu": "npm:4.63.5"
    "@rollup/rollup-linux-loong64-musl": "npm:4.63.5"
    "@rollup/rollup-linux-ppc64-gnu": "npm:4.63.5"
    "@rollup/rollup-linux-ppc64-musl": "npm:4.63.5"
    "@rollup/rollup-linux-riscv64-gnu": "npm:4.63.5"
    "@rollup/rollup-linux-riscv64-musl": "npm:4.63.5"
    "@rollup/rollup-linux-s390x-gnu": "npm:4.63.5"
    "@rollup/rollup-linux-x64-gnu": "npm:4.63.5"
    "@rollup/rollup-linux-x64-musl": "npm:4.63.5"
    "@rollup/rollup-openbsd-x64": "npm:4.63.5"
    "@rollup/rollup-openharmony-arm64": "npm:4.63.5"
    "@rollup/rollup-win32-arm64-msvc": "npm:4.63.5"
    "@rollup/rollup-win32-ia32-msvc": "npm:4.63.5"
    "@rollup/rollup-win32-x64-gnu": "npm:4.63.5"
    "@rollup/rollup-win32-x64-msvc": "npm:4.63.5"
    "@types/estree": "npm:1.0.9"
    fsevents: "npm:~2.3.2"
  dependenciesMeta:
    "@napi-rs/lzma-linux-x64-gnu":
      optional: true
    "@rollup/rollup-android-arm-eabi":
      optional: true
    "@rollup/rollup-android-arm64":
      optional: true
    "@rollup/rollup-darwin-arm64":
      optional: true
    "@rollup/rollup-darwin-x64":
      optional: true
    "@rollup/rollup-freebsd-arm64":
      optional: true
    "@rollup/rollup-freebsd-x64":
      optional: true
    "@rollup/rollup-linux-arm-gnueabihf":
      optional: true
    "@rollup/rollup-linux-arm-musleabihf":
      optional: true
    "@rollup/rollup-linux-arm64-gnu":
      optional: true
    "@rollup/rollup-linux-arm64-musl":
      optional: true
    "@rollup/rollup-linux-loong64-gnu":
      optional: true
    "@rollup/rollup-linux-loong64-musl":
      optional: true
    "@rollup/rollup-linux-ppc64-gnu":
      optional: true
    "@rollup/rollup-linux-ppc64-musl":
      optional: true
    "@rollup/rollup-linux-riscv64-gnu":
      optional: true
    "@rollup/rollup-linux-riscv64-musl":
      optional: true
    "@rollup/rollup-linux-s390x-gnu":
      optional: true
    "@rollup/rollup-linux-x64-gnu":
      optional: true
    "@rollup/rollup-linux-x64-musl":
      optional: true
    "@rollup/rollup-openbsd-x64":
      optional: true
    "@rollup/rollup-openharmony-arm64":
      optional: true
    "@rollup/rollup-win32-arm64-msvc":
      optional: true
    "@rollup/rollup-win32-ia32-msvc":
      optional: true
    "@rollup/rollup-win32-x64-gnu":
      optional: true
    "@rollup/rollup-win32-x64-msvc":
      optional: true
    fsevents:
      optional: true
  bin:
    rollup: dist/bin/rollup
  checksum: 10c0/e8b423417161ca0cc61c7ec8c63663835c046960ae8417ec39efed40fe934c034a8e28111954b22da457a7bcc28daeaaa5b1f5005a0665fe81ab4f7679cbfa50
  languageName: node
  linkType: hard

"semver@npm:^7.3.5":
  version: 7.8.5
  resolution: "semver@npm:7.8.5"
  bin:
    semver: bin/semver.js
  checksum: 10c0/b1f3127a5be8125a94f37188b361c212466c292c6910adce3ec106cff5dc211ccaedc4739c11bb70fda59d6fc1f040a9bca289f4e093451521a2372e5231fe0c
  languageName: node
  linkType: hard

"source-map-js@npm:^1.2.1":
  version: 1.2.1
  resolution: "source-map-js@npm:1.2.1"
  checksum: 10c0/7bda1fc4c197e3c6ff17de1b8b2c20e60af81b63a52cb32ec5a5d67a20a7d42651e2cb34ebe93833c5a2a084377e17455854fee3e21e7925c64a51b6a52b0faf
  languageName: node
  linkType: hard

"tar@npm:^7.5.4":
  version: 7.5.22
  resolution: "tar@npm:7.5.22"
  dependencies:
    "@isaacs/fs-minipass": "npm:^4.0.0"
    chownr: "npm:^3.0.0"
    minipass: "npm:^7.1.2"
    minizlib: "npm:^3.1.0"
    yallist: "npm:^5.0.0"
  checksum: 10c0/1311f6be85a8157ac4c9147bae43e13923d2a1aae15e4aa1bd5239e4e03d2cf53cfe103dde7f35832fbb4c938b042856bc8e9a0afd29abd05e2d1608788c4fea
  languageName: node
  linkType: hard

"tinyglobby@npm:^0.2.12":
  version: 0.2.17
  resolution: "tinyglobby@npm:0.2.17"
  dependencies:
    fdir: "npm:^6.5.0"
    picomatch: "npm:^4.0.4"
  checksum: 10c0/7f7bb0f197c88bc4b20c231e0deca4240ca3bf313a88f5a7fee93a872b84966a4d50220947c0455ad07a60b3b360961c5b7fd979222aeb716a9f99b412002e4c
  languageName: node
  linkType: hard

"undici@npm:^8.4.1":
  version: 8.11.2
  resolution: "undici@npm:8.11.2"
  checksum: 10c0/106f6991178fb7562fd90cdec7993c5f807a9428682306091f0c4b27fc474ec291f868e29972c6252988bf061ad193df943b3b99e775be157a28d92bbb95699d
  languageName: node
  linkType: hard

"vite-plugin-ruby@npm:^5.1.1":
  version: 5.2.4
  resolution: "vite-plugin-ruby@npm:5.2.4"
  dependencies:
    obug: "npm:^2.0"
    tinyglobby: "npm:^0.2.12"
  peerDependencies:
    vite: ">=5.0.0"
  checksum: 10c0/1fc499c92d68e3ace09a8f6817e060c329cfb503fdd03fb711d5080811b6ea75475677868c3ccec4441725b634cbd78283119e106856da812409d2ac99312329
  languageName: node
  linkType: hard

"vite@npm:^5.4.21":
  version: 5.4.21
  resolution: "vite@npm:5.4.21"
  dependencies:
    esbuild: "npm:^0.21.3"
    fsevents: "npm:~2.3.3"
    postcss: "npm:^8.4.43"
    rollup: "npm:^4.20.0"
  peerDependencies:
    "@types/node": ^18.0.0 || >=20.0.0
    less: "*"
    lightningcss: ^1.21.0
    sass: "*"
    sass-embedded: "*"
    stylus: "*"
    sugarss: "*"
    terser: ^5.4.0
  dependenciesMeta:
    fsevents:
      optional: true
  peerDependenciesMeta:
    "@types/node":
      optional: true
    less:
      optional: true
    lightningcss:
      optional: true
    sass:
      optional: true
    sass-embedded:
      optional: true
    stylus:
      optional: true
    sugarss:
      optional: true
    terser:
      optional: true
  bin:
    vite: bin/vite.js
  checksum: 10c0/468336a1409f728b464160cbf02672e72271fb688d0e605e776b74a89d27e1029509eef3a3a6c755928d8011e474dbf234824d054d07960be5f23cd176bc72de
  languageName: node
  linkType: hard

"vue@npm:^3.5.13":
  version: 3.5.43
  resolution: "vue@npm:3.5.43"
  dependencies:
    "@vue/compiler-dom": "npm:3.5.43"
    "@vue/compiler-sfc": "npm:3.5.43"
    "@vue/runtime-dom": "npm:3.5.43"
    "@vue/server-renderer": "npm:3.5.43"
    "@vue/shared": "npm:3.5.43"
  peerDependencies:
    typescript: "*"
  peerDependenciesMeta:
    typescript:
      optional: true
  checksum: 10c0/0b065772363e6f6358c70958d99cee8f5e8cc5dc773676380a06c737714b9a162721cade9c16fe9ff87aea569e2ce5cd2da2f1db5f510357b69d575f9542ded9
  languageName: node
  linkType: hard

"which@npm:^7.0.0":
  version: 7.0.0
  resolution: "which@npm:7.0.0"
  dependencies:
    isexe: "npm:^4.0.0"
  bin:
    node-which: bin/which.js
  checksum: 10c0/ca0b54f198f78bbc4b7c02e34bda8d335cb352e0adb4cbca1c37b1a957af3a879a82c4c27ca6525bc942f548d8b64f816ef6528360af9f3de55ffb9b979b620d
  languageName: node
  linkType: hard

"yallist@npm:^5.0.0":
  version: 5.0.0
  resolution: "yallist@npm:5.0.0"
  checksum: 10c0/a499c81ce6d4a1d260d4ea0f6d49ab4da09681e32c3f0472dee16667ed69d01dae63a3b81745a24bd78476ec4fcf856114cb4896ace738e01da34b2c42235416
  languageName: node
  linkType: hard
